
Microsoft Visual Studio Solution File, Format Version 12.00
# Visual Studio 14
VisualStudioVersion = 14.0.25420.1
MinimumVisualStudioVersion = 10.0.40219.1
Project("{FAE04EC0-301F-11D3-BF4B-00C04F79EFBC}") = "VolunteerSquared.ApiClient", "VolunteerSquared.ApiClient\VolunteerSquared.ApiClient.csproj", "{05BBF83D-323F-4DC6-9DB4-22DC7E1B392E}"
EndProject
Project("{FAE04EC0-301F-11D3-BF4B-00C04F79EFBC}") = "ExampleOrganizationConsumer", "ExampleOrganizationConsumer\ExampleOrganizationConsumer.csproj", "{BB7E84D7-C5CF-4F3D-A62F-116BD5CD67ED}"
EndProject
Project("{FAE04EC0-301F-11D3-BF4B-00C04F79EFBC}") = "ExampleEnterpriseConsumer", "ExampleEnterpriseConsumer\ExampleEnterpriseConsumer.csproj", "{80B02925-F823-4DD1-AFA6-3E8B0C3FF96E}"
EndProject
Global
	GlobalSection(SolutionConfigurationPlatforms) = preSolution
		Debug|Any CPU = Debug|Any CPU
		Release|Any CPU = Release|Any CPU
	EndGlobalSection
	GlobalSection(ProjectConfigurationPlatforms) = postSolution
		{05BBF83D-323F-4DC6-9DB4-22DC7E1B392E}.Debug|Any CPU.ActiveCfg = Debug|Any CPU
		{05BBF83D-323F-4DC6-9DB4-22DC7E1B392E}.Debug|Any CPU.Build.0 = Debug|Any CPU
		{05BBF83D-323F-4DC6-9DB4-22DC7E1B392E}.Release|Any CPU.ActiveCfg = Release|Any CPU
		{05BBF83D-323F-4DC6-9DB4-22DC7E1B392E}.Release|Any CPU.Build.0 = Release|Any CPU
		{BB7E84D7-C5CF-4F3D-A62F-116BD5CD67ED}.Debug|Any CPU.ActiveCfg = Debug|Any CPU
		{BB7E84D7-C5CF-4F3D-A62F-116BD5CD67ED}.Debug|Any CPU.Build.0 = Debug|Any CPU
		{BB7E84D7-C5CF-4F3D-A62F-116BD5CD67ED}.Release|Any CPU.ActiveCfg = Release|Any CPU
		{BB7E84D7-C5CF-4F3D-A62F-116BD5CD67ED}.Release|Any CPU.Build.0 = Release|Any CPU
		{80B02925-F823-4DD1-AFA6-3E8B0C3FF96E}.Debug|Any CPU.ActiveCfg = Debug|Any CPU
		{80B02925-F823-4DD1-AFA6-3E8B0C3FF96E}.Debug|Any CPU.Build.0 = Debug|Any CPU
		{80B02925-F823-4DD1-AFA6-3E8B0C3FF96E}.Release|Any CPU.ActiveCfg = Release|Any CPU
		{80B02925-F823-4DD1-AFA6-3E8B0C3FF96E}.Release|Any CPU.Build.0 = Release|Any CPU
	EndGlobalSection
	GlobalSection(SolutionProperties) = preSolution
		HideSolutionNode = FALSE
	EndGlobalSection
EndGlobal
